{
  "requires": true,
  "lockfileVersion": 1,
  "dependencies": {
    "@babel/runtime": {
      "version": "7.8.7",
      "resolved": "https://registry.npmjs.org/@babel/runtime/-/runtime-7.8.7.tgz",
      "integrity": "sha512-+AATMUFppJDw6aiR5NVPHqIQBlV/Pj8wY/EZH+lmvRdUo9xBaz/rF3alAwFJQavvKfeOlPE7oaaDHVbcySbCsg==",
      "requires": {
        "regenerator-runtime": "^0.13.4"
      }
    },
    "@emotion/hash": {
      "version": "0.7.4",
      "resolved": "https://registry.npmjs.org/@emotion/hash/-/hash-0.7.4.tgz",
      "integrity": "sha512-fxfMSBMX3tlIbKUdtGKxqB1fyrH6gVrX39Gsv3y8lRYKUqlgDt3UMqQyGnR1bQMa2B8aGnhLZokZgg8vT0Le+A=="
    },
    "@material-ui/core": {
      "version": "4.9.5",
      "resolved": "https://registry.npmjs.org/@material-ui/core/-/core-4.9.5.tgz",
      "integrity": "sha512-hVuUqw6847jcgRsUqzCiYCXcIJYhPUfM3gS9sNehTsbI0SF3tufLNO2B2Cgkuns8uOGy0nicD4p3L7JqhnEElg==",
      "requires": {
        "@babel/runtime": "^7.4.4",
        "@material-ui/styles": "^4.9.0",
        "@material-ui/system": "^4.9.3",
        "@material-ui/types": "^5.0.0",
        "@material-ui/utils": "^4.7.1",
        "@types/react-transition-group": "^4.2.0",
        "clsx": "^1.0.2",
        "hoist-non-react-statics": "^3.3.2",
        "popper.js": "^1.14.1",
        "prop-types": "^15.7.2",
        "react-is": "^16.8.0",
        "react-transition-group": "^4.3.0"
      }
    },
    "@material-ui/styles": {
      "version": "4.9.0",
      "resolved": "https://registry.npmjs.org/@material-ui/styles/-/styles-4.9.0.tgz",
      "integrity": "sha512-nJHum4RqYBPWsjL/9JET8Z02FZ9gSizlg/7LWVFpIthNzpK6OQ5OSRR4T4x9/p+wK3t1qNn3b1uI4XpnZaPxOA==",
      "requires": {
        "@babel/runtime": "^7.4.4",
        "@emotion/hash": "^0.7.4",
        "@material-ui/types": "^5.0.0",
        "@material-ui/utils": "^4.7.1",
        "clsx": "^1.0.2",
        "csstype": "^2.5.2",
        "hoist-non-react-statics": "^3.2.1",
        "jss": "^10.0.3",
        "jss-plugin-camel-case": "^10.0.3",
        "jss-plugin-default-unit": "^10.0.3",
        "jss-plugin-global": "^10.0.3",
        "jss-plugin-nested": "^10.0.3",
        "jss-plugin-props-sort": "^10.0.3",
        "jss-plugin-rule-value-function": "^10.0.3",
        "jss-plugin-vendor-prefixer": "^10.0.3",
        "prop-types": "^15.7.2"
      }
    },
    "@material-ui/system": {
      "version": "4.9.3",
      "resolved": "https://registry.npmjs.org/@material-ui/system/-/system-4.9.3.tgz",
      "integrity": "sha512-DBGsTKYrLlFpHG8BUp0X6ZpvaOzef+GhSwn/8DwVTXUdHitphaPQoL9xucrI8X9MTBo//El+7nylko7lo7eJIw==",
      "requires": {
        "@babel/runtime": "^7.4.4",
        "@material-ui/utils": "^4.7.1",
        "prop-types": "^15.7.2"
      }
    },
    "@material-ui/types": {
      "version": "5.0.0",
      "resolved": "https://registry.npmjs.org/@material-ui/types/-/types-5.0.0.tgz",
      "integrity": "sha512-UeH2BuKkwDndtMSS0qgx1kCzSMw+ydtj0xx/XbFtxNSTlXydKwzs5gVW5ZKsFlAkwoOOQ9TIsyoCC8hq18tOwg=="
    },
    "@material-ui/utils": {
      "version": "4.7.1",
      "resolved": "https://registry.npmjs.org/@material-ui/utils/-/utils-4.7.1.tgz",
      "integrity": "sha512-+ux0SlLdlehvzCk2zdQ3KiS3/ylWvuo/JwAGhvb8dFVvwR21K28z0PU9OQW2PGogrMEdvX3miEI5tGxTwwWiwQ==",
      "requires": {
        "@babel/runtime": "^7.4.4",
        "prop-types": "^15.7.2",
        "react-is": "^16.8.0"
      }
    },
    "@types/prop-types": {
      "version": "15.7.3",
      "resolved": "https://registry.npmjs.org/@types/prop-types/-/prop-types-15.7.3.tgz",
      "integrity": "sha512-KfRL3PuHmqQLOG+2tGpRO26Ctg+Cq1E01D2DMriKEATHgWLfeNDmq9e29Q9WIky0dQ3NPkd1mzYH8Lm936Z9qw=="
    },
    "@types/react": {
      "version": "16.9.23",
      "resolved": "https://registry.npmjs.org/@types/react/-/react-16.9.23.tgz",
      "integrity": "sha512-SsGVT4E7L2wLN3tPYLiF20hmZTPGuzaayVunfgXzUn1x4uHVsKH6QDJQ/TdpHqwsTLd4CwrmQ2vOgxN7gE24gw==",
      "requires": {
        "@types/prop-types": "*",
        "csstype": "^2.2.0"
      }
    },
    "@types/react-transition-group": {
      "version": "4.2.4",
      "resolved": "https://registry.npmjs.org/@types/react-transition-group/-/react-transition-group-4.2.4.tgz",
      "integrity": "sha512-8DMUaDqh0S70TjkqU0DxOu80tFUiiaS9rxkWip/nb7gtvAsbqOXm02UCmR8zdcjWujgeYPiPNTVpVpKzUDotwA==",
      "requires": {
        "@types/react": "*"
      }
    },
    "ajv": {
      "version": "5.5.2",
      "resolved": "https://registry.npmjs.org/ajv/-/ajv-5.5.2.tgz",
      "integrity": "sha1-c7Xuyj+rZT49P5Qis0GtQiBdyWU=",
      "requires": {
        "co": "^4.6.0",
        "fast-deep-equal": "^1.0.0",
        "fast-json-stable-stringify": "^2.0.0",
        "json-schema-traverse": "^0.3.0"
      }
    },
    "async": {
      "version": "2.6.3",
      "resolved": "https://registry.npmjs.org/async/-/async-2.6.3.tgz",
      "integrity": "sha512-zflvls11DCy+dQWzTW2dzuilv8Z5X/pjfmZOWba6TNIVDm+2UDaJmXSOXlasHKfNBs8oo3M0aT50fDEWfKZjXg==",
      "requires": {
        "lodash": "^4.17.14"
      }
    },
    "babel-loader": {
      "version": "8.0.6",
      "resolved": "https://registry.npmjs.org/babel-loader/-/babel-loader-8.0.6.tgz",
      "integrity": "sha512-4BmWKtBOBm13uoUwd08UwjZlaw3O9GWf456R9j+5YykFZ6LUIjIKLc0zEZf+hauxPOJs96C8k6FvYD09vWzhYw==",
      "requires": {
        "find-cache-dir": "^2.0.0",
        "loader-utils": "^1.0.2",
        "mkdirp": "^0.5.1",
        "pify": "^4.0.1"
      }
    },
    "big.js": {
      "version": "5.2.2",
      "resolved": "https://registry.npmjs.org/big.js/-/big.js-5.2.2.tgz",
      "integrity": "sha512-vyL2OymJxmarO8gxMr0mhChsO9QGwhynfuu4+MHTAW6czfq9humCB7rKpUjDd9YUiDPU4mzpyupFSvOClAwbmQ=="
    },
    "clsx": {
      "version": "1.1.0",
      "resolved": "https://registry.npmjs.org/clsx/-/clsx-1.1.0.tgz",
      "integrity": "sha512-3avwM37fSK5oP6M5rQ9CNe99lwxhXDOeSWVPAOYF6OazUTgZCMb0yWlJpmdD74REy1gkEaFiub2ULv4fq9GUhA=="
    },
    "co": {
      "version": "4.6.0",
      "resolved": "https://registry.npmjs.org/co/-/co-4.6.0.tgz",
      "integrity": "sha1-bqa989hTrlTMuOR7+gvz+QMfsYQ="
    },
    "commondir": {
      "version": "1.0.1",
      "resolved": "https://registry.npmjs.org/commondir/-/commondir-1.0.1.tgz",
      "integrity": "sha1-3dgA2gxmEnOTzKWVDqloo6rxJTs="
    },
    "css-vendor": {
      "version": "2.0.7",
      "resolved": "https://registry.npmjs.org/css-vendor/-/css-vendor-2.0.7.tgz",
      "integrity": "sha512-VS9Rjt79+p7M0WkPqcAza4Yq1ZHrsHrwf7hPL/bjQB+c1lwmAI+1FXxYTYt818D/50fFVflw0XKleiBN5RITkg==",
      "requires": {
        "@babel/runtime": "^7.6.2",
        "is-in-browser": "^1.0.2"
      }
    },
    "csstype": {
      "version": "2.6.9",
      "resolved": "https://registry.npmjs.org/csstype/-/csstype-2.6.9.tgz",
      "integrity": "sha512-xz39Sb4+OaTsULgUERcCk+TJj8ylkL4aSVDQiX/ksxbELSqwkgt4d4RD7fovIdgJGSuNYqwZEiVjYY5l0ask+Q=="
    },
    "dom-helpers": {
      "version": "5.1.3",
      "resolved": "https://registry.npmjs.org/dom-helpers/-/dom-helpers-5.1.3.tgz",
      "integrity": "sha512-nZD1OtwfWGRBWlpANxacBEZrEuLa16o1nh7YopFWeoF68Zt8GGEmzHu6Xv4F3XaFIC+YXtTLrzgqKxFgLEe4jw==",
      "requires": {
        "@babel/runtime": "^7.6.3",
        "csstype": "^2.6.7"
      }
    },
    "emojis-list": {
      "version": "3.0.0",
      "resolved": "https://registry.npmjs.org/emojis-list/-/emojis-list-3.0.0.tgz",
      "integrity": "sha512-/kyM18EfinwXZbno9FyUGeFh87KC8HRQBQGildHZbEuRyWFOmv1U10o9BBp8XVZDVNNuQKyIGIu5ZYAAXJ0V2Q=="
    },
    "extract-text-webpack-plugin": {
      "version": "3.0.2",
      "resolved": "https://registry.npmjs.org/extract-text-webpack-plugin/-/extract-text-webpack-plugin-3.0.2.tgz",
      "integrity": "sha512-bt/LZ4m5Rqt/Crl2HiKuAl/oqg0psx1tsTLkvWbJen1CtD+fftkZhMaQ9HOtY2gWsl2Wq+sABmMVi9z3DhKWQQ==",
      "requires": {
        "async": "^2.4.1",
        "loader-utils": "^1.1.0",
        "schema-utils": "^0.3.0",
        "webpack-sources": "^1.0.1"
      }
    },
    "fast-deep-equal": {
      "version": "1.1.0",
      "resolved": "https://registry.npmjs.org/fast-deep-equal/-/fast-deep-equal-1.1.0.tgz",
      "integrity": "sha1-wFNHeBfIa1HaqFPIHgWbcz0CNhQ="
    },
    "fast-json-stable-stringify": {
      "version": "2.1.0",
      "resolved": "https://registry.npmjs.org/fast-json-stable-stringify/-/fast-json-stable-stringify-2.1.0.tgz",
      "integrity": "sha512-lhd/wF+Lk98HZoTCtlVraHtfh5XYijIjalXck7saUtuanSDyLMxnHhSXEDJqHxD7msR8D0uCmqlkwjCV8xvwHw=="
    },
    "find-cache-dir": {
      "version": "2.1.0",
      "resolved": "https://registry.npmjs.org/find-cache-dir/-/find-cache-dir-2.1.0.tgz",
      "integrity": "sha512-Tq6PixE0w/VMFfCgbONnkiQIVol/JJL7nRMi20fqzA4NRs9AfeqMGeRdPi3wIhYkxjeBaWh2rxwapn5Tu3IqOQ==",
      "requires": {
        "commondir": "^1.0.1",
        "make-dir": "^2.0.0",
        "pkg-dir": "^3.0.0"
      }
    },
    "find-up": {
      "version": "3.0.0",
      "resolved": "https://registry.npmjs.org/find-up/-/find-up-3.0.0.tgz",
      "integrity": "sha512-1yD6RmLI1XBfxugvORwlck6f75tYL+iR0jqwsOrOxMZyGYqUuDhJ0l4AXdO1iX/FTs9cBAMEk1gWSEx1kSbylg==",
      "requires": {
        "locate-path": "^3.0.0"
      }
    },
    "hoist-non-react-statics": {
      "version": "3.3.2",
      "resolved": "https://registry.npmjs.org/hoist-non-react-statics/-/hoist-non-react-statics-3.3.2.tgz",
      "integrity": "sha512-/gGivxi8JPKWNm/W0jSmzcMPpfpPLc3dY/6GxhX2hQ9iGj3aDfklV4ET7NjKpSinLpJ5vafa9iiGIEZg10SfBw==",
      "requires": {
        "react-is": "^16.7.0"
      }
    },
    "hyphenate-style-name": {
      "version": "1.0.3",
      "resolved": "https://registry.npmjs.org/hyphenate-style-name/-/hyphenate-style-name-1.0.3.tgz",
      "integrity": "sha512-EcuixamT82oplpoJ2XU4pDtKGWQ7b00CD9f1ug9IaQ3p1bkHMiKCZ9ut9QDI6qsa6cpUuB+A/I+zLtdNK4n2DQ=="
    },
    "is-in-browser": {
      "version": "1.1.3",
      "resolved": "https://registry.npmjs.org/is-in-browser/-/is-in-browser-1.1.3.tgz",
      "integrity": "sha1-Vv9NtoOgeMYILrldrX3GLh0E+DU="
    },
    "js-tokens": {
      "version": "4.0.0",
      "resolved": "https://registry.npmjs.org/js-tokens/-/js-tokens-4.0.0.tgz",
      "integrity": "sha512-RdJUflcE3cUzKiMqQgsCu06FPu9UdIJO0beYbPhHN4k6apgJtifcoCtT9bcxOpYBtpD2kCM6Sbzg4CausW/PKQ=="
    },
    "json-schema-traverse": {
      "version": "0.3.1",
      "resolved": "https://registry.npmjs.org/json-schema-traverse/-/json-schema-traverse-0.3.1.tgz",
      "integrity": "sha1-NJptRMU6Ud6JtAgFxdXlm0F9M0A="
    },
    "json5": {
      "version": "1.0.1",
      "resolved": "https://registry.npmjs.org/json5/-/json5-1.0.1.tgz",
      "integrity": "sha512-aKS4WQjPenRxiQsC93MNfjx+nbF4PAdYzmd/1JIj8HYzqfbu86beTuNgXDzPknWk0n0uARlyewZo4s++ES36Ow==",
      "requires": {
        "minimist": "^1.2.0"
      }
    },
    "jss": {
      "version": "10.0.4",
      "resolved": "https://registry.npmjs.org/jss/-/jss-10.0.4.tgz",
      "integrity": "sha512-GqHmeDK83qbqMAVjxyPfN1qJVTKZne533a9bdCrllZukUM8npG/k+JumEPI86IIB5ifaZAHG2HAsUziyxOiooQ==",
      "requires": {
        "@babel/runtime": "^7.3.1",
        "csstype": "^2.6.5",
        "is-in-browser": "^1.1.3",
        "tiny-warning": "^1.0.2"
      }
    },
    "jss-plugin-camel-case": {
      "version": "10.0.4",
      "resolved": "https://registry.npmjs.org/jss-plugin-camel-case/-/jss-plugin-camel-case-10.0.4.tgz",
      "integrity": "sha512-+wnqxJsyfUnOn0LxVg3GgZBSjfBCrjxwx7LFxwVTUih0ceGaXKZoieheNOaTo5EM4w8bt1nbb8XonpQCj67C6A==",
      "requires": {
        "@babel/runtime": "^7.3.1",
        "hyphenate-style-name": "^1.0.3",
        "jss": "10.0.4"
      }
    },
    "jss-plugin-default-unit": {
      "version": "10.0.4",
      "resolved": "https://registry.npmjs.org/jss-plugin-default-unit/-/jss-plugin-default-unit-10.0.4.tgz",
      "integrity": "sha512-T0mhL/Ogp/quvod/jAHEqKvptLDxq7Cj3a+7zRuqK8HxUYkftptN89wJElZC3rshhNKiogkEYhCWenpJdFvTBg==",
      "requires": {
        "@babel/runtime": "^7.3.1",
        "jss": "10.0.4"
      }
    },
    "jss-plugin-global": {
      "version": "10.0.4",
      "resolved": "https://registry.npmjs.org/jss-plugin-global/-/jss-plugin-global-10.0.4.tgz",
      "integrity": "sha512-N8n9/GHENZce+sqE4UYiZiJtI+t+erT/BypHOrNYAfIoNEj7OYsOEKfIo2P0GpLB3QyDAYf5eo9XNdZ8veEkUA==",
      "requires": {
        "@babel/runtime": "^7.3.1",
        "jss": "10.0.4"
      }
    },
    "jss-plugin-nested": {
      "version": "10.0.4",
      "resolved": "https://registry.npmjs.org/jss-plugin-nested/-/jss-plugin-nested-10.0.4.tgz",
      "integrity": "sha512-QM21BKVt8LDeoRfowvAMh/s+/89VYrreIIE6ch4pvw0oAXDWw1iorUPlqLZ7uCO3UL0uFtQhJq3QMLN6Lr1v0A==",
      "requires": {
        "@babel/runtime": "^7.3.1",
        "jss": "10.0.4",
        "tiny-warning": "^1.0.2"
      }
    },
    "jss-plugin-props-sort": {
      "version": "10.0.4",
      "resolved": "https://registry.npmjs.org/jss-plugin-props-sort/-/jss-plugin-props-sort-10.0.4.tgz",
      "integrity": "sha512-WoETdOCjGskuin/OMt2uEdDPLZF3vfQuHXF+XUHGJrq0BAapoyGQDcv37SeReDlkRAbVXkEZPsIMvYrgHSHFiA==",
      "requires": {
        "@babel/runtime": "^7.3.1",
        "jss": "10.0.4"
      }
    },
    "jss-plugin-rule-value-function": {
      "version": "10.0.4",
      "resolved": "https://registry.npmjs.org/jss-plugin-rule-value-function/-/jss-plugin-rule-value-function-10.0.4.tgz",
      "integrity": "sha512-0hrzOSWRF5ABJGaHrlnHbYZjU877Ofzfh2id3uLtBvemGQLHI+ldoL8/+6iPSRa7M8z8Ngfg2vfYhKjUA5gA0g==",
      "requires": {
        "@babel/runtime": "^7.3.1",
        "jss": "10.0.4"
      }
    },
    "jss-plugin-vendor-prefixer": {
      "version": "10.0.4",
      "resolved": "https://registry.npmjs.org/jss-plugin-vendor-prefixer/-/jss-plugin-vendor-prefixer-10.0.4.tgz",
      "integrity": "sha512-4JgEbcrdeMda1qvxTm1CnxFJAWVV++VLpP46HNTrfH7VhVlvUpihnUNs2gAlKuRT/XSBuiWeLAkrTqF4NVrPig==",
      "requires": {
        "@babel/runtime": "^7.3.1",
        "css-vendor": "^2.0.7",
        "jss": "10.0.4"
      }
    },
    "loader-utils": {
      "version": "1.4.0",
      "resolved": "https://registry.npmjs.org/loader-utils/-/loader-utils-1.4.0.tgz",
      "integrity": "sha512-qH0WSMBtn/oHuwjy/NucEgbx5dbxxnxup9s4PVXJUDHZBQY+s0NWA9rJf53RBnQZxfch7euUui7hpoAPvALZdA==",
      "requires": {
        "big.js": "^5.2.2",
        "emojis-list": "^3.0.0",
        "json5": "^1.0.1"
      }
    },
    "locate-path": {
      "version": "3.0.0",
      "resolved": "https://registry.npmjs.org/locate-path/-/locate-path-3.0.0.tgz",
      "integrity": "sha512-7AO748wWnIhNqAuaty2ZWHkQHRSNfPVIsPIfwEOWO22AmaoVrWavlOcMR5nzTLNYvp36X220/maaRsrec1G65A==",
      "requires": {
        "p-locate": "^3.0.0",
        "path-exists": "^3.0.0"
      }
    },
    "lodash": {
      "version": "4.17.15",
      "resolved": "https://registry.npmjs.org/lodash/-/lodash-4.17.15.tgz",
      "integrity": "sha512-8xOcRHvCjnocdS5cpwXQXVzmmh5e5+saE2QGoeQmbKmRS6J3VQppPOIt0MnmE+4xlZoumy0GPG0D0MVIQbNA1A=="
    },
    "loose-envify": {
      "version": "1.4.0",
      "resolved": "https://registry.npmjs.org/loose-envify/-/loose-envify-1.4.0.tgz",
      "integrity": "sha512-lyuxPGr/Wfhrlem2CL/UcnUc1zcqKAImBDzukY7Y5F/yQiNdko6+fRLevlw1HgMySw7f611UIY408EtxRSoK3Q==",
      "requires": {
        "js-tokens": "^3.0.0 || ^4.0.0"
      }
    },
    "make-dir": {
      "version": "2.1.0",
      "resolved": "https://registry.npmjs.org/make-dir/-/make-dir-2.1.0.tgz",
      "integrity": "sha512-LS9X+dc8KLxXCb8dni79fLIIUA5VyZoyjSMCwTluaXA0o27cCK0bhXkpgw+sTXVpPy/lSO57ilRixqk0vDmtRA==",
      "requires": {
        "pify": "^4.0.1",
        "semver": "^5.6.0"
      }
    },
    "minimist": {
      "version": "1.2.0",
      "resolved": "https://registry.npmjs.org/minimist/-/minimist-1.2.0.tgz",
      "integrity": "sha1-o1AIsg9BOD7sH7kU9M1d95omQoQ="
    },
    "mkdirp": {
      "version": "0.5.1",
      "resolved": "https://registry.npmjs.org/mkdirp/-/mkdirp-0.5.1.tgz",
      "integrity": "sha1-MAV0OOrGz3+MR2fzhkjWaX11yQM=",
      "requires": {
        "minimist": "0.0.8"
      },
      "dependencies": {
        "minimist": {
          "version": "0.0.8",
          "resolved": "https://registry.npmjs.org/minimist/-/minimist-0.0.8.tgz",
          "integrity": "sha1-hX/Kv8M5fSYluCKCYuhqp6ARsF0="
        }
      }
    },
    "object-assign": {
      "version": "4.1.1",
      "resolved": "https://registry.npmjs.org/object-assign/-/object-assign-4.1.1.tgz",
      "integrity": "sha1-IQmtx5ZYh8/AXLvUQsrIv7s2CGM="
    },
    "p-limit": {
      "version": "2.2.2",
      "resolved": "https://registry.npmjs.org/p-limit/-/p-limit-2.2.2.tgz",
      "integrity": "sha512-WGR+xHecKTr7EbUEhyLSh5Dube9JtdiG78ufaeLxTgpudf/20KqyMioIUZJAezlTIi6evxuoUs9YXc11cU+yzQ==",
      "requires": {
        "p-try": "^2.0.0"
      }
    },
    "p-locate": {
      "version": "3.0.0",
      "resolved": "https://registry.npmjs.org/p-locate/-/p-locate-3.0.0.tgz",
      "integrity": "sha512-x+12w/To+4GFfgJhBEpiDcLozRJGegY+Ei7/z0tSLkMmxGZNybVMSfWj9aJn8Z5Fc7dBUNJOOVgPv2H7IwulSQ==",
      "requires": {
        "p-limit": "^2.0.0"
      }
    },
    "p-try": {
      "version": "2.2.0",
      "resolved": "https://registry.npmjs.org/p-try/-/p-try-2.2.0.tgz",
      "integrity": "sha512-R4nPAVTAU0B9D35/Gk3uJf/7XYbQcyohSKdvAxIRSNghFl4e71hVoGnBNQz9cWaXxO2I10KTC+3jMdvvoKw6dQ=="
    },
    "path-exists": {
      "version": "3.0.0",
      "resolved": "https://registry.npmjs.org/path-exists/-/path-exists-3.0.0.tgz",
      "integrity": "sha1-zg6+ql94yxiSXqfYENe1mwEP1RU="
    },
    "pify": {
      "version": "4.0.1",
      "resolved": "https://registry.npmjs.org/pify/-/pify-4.0.1.tgz",
      "integrity": "sha512-uB80kBFb/tfd68bVleG9T5GGsGPjJrLAUpR5PZIrhBnIaRTQRjqdJSsIKkOP6OAIFbj7GOrcudc5pNjZ+geV2g=="
    },
    "pkg-dir": {
      "version": "3.0.0",
      "resolved": "https://registry.npmjs.org/pkg-dir/-/pkg-dir-3.0.0.tgz",
      "integrity": "sha512-/E57AYkoeQ25qkxMj5PBOVgF8Kiu/h7cYS30Z5+R7WaiCCBfLq58ZI/dSeaEKb9WVJV5n/03QwrN3IeWIFllvw==",
      "requires": {
        "find-up": "^3.0.0"
      }
    },
    "popper.js": {
      "version": "1.16.1",
      "resolved": "https://registry.npmjs.org/popper.js/-/popper.js-1.16.1.tgz",
      "integrity": "sha512-Wb4p1J4zyFTbM+u6WuO4XstYx4Ky9Cewe4DWrel7B0w6VVICvPwdOpotjzcf6eD8TsckVnIMNONQyPIUFOUbCQ=="
    },
    "prop-types": {
      "version": "15.7.2",
      "resolved": "https://registry.npmjs.org/prop-types/-/prop-types-15.7.2.tgz",
      "integrity": "sha512-8QQikdH7//R2vurIJSutZ1smHYTcLpRWEOlHnzcWHmBYrOGUysKwSsrC89BCiFj3CbrfJ/nXFdJepOVrY1GCHQ==",
      "requires": {
        "loose-envify": "^1.4.0",
        "object-assign": "^4.1.1",
        "react-is": "^16.8.1"
      }
    },
    "react-is": {
      "version": "16.13.0",
      "resolved": "https://registry.npmjs.org/react-is/-/react-is-16.13.0.tgz",
      "integrity": "sha512-GFMtL0vHkiBv9HluwNZTggSn/sCyEt9n02aM0dSAjGGyqyNlAyftYm4phPxdvCigG15JreC5biwxCgTAJZ7yAA=="
    },
    "react-transition-group": {
      "version": "4.3.0",
      "resolved": "https://registry.npmjs.org/react-transition-group/-/react-transition-group-4.3.0.tgz",
      "integrity": "sha512-1qRV1ZuVSdxPlPf4O8t7inxUGpdyO5zG9IoNfJxSO0ImU2A1YWkEQvFPuIPZmMLkg5hYs7vv5mMOyfgSkvAwvw==",
      "requires": {
        "@babel/runtime": "^7.5.5",
        "dom-helpers": "^5.0.1",
        "loose-envify": "^1.4.0",
        "prop-types": "^15.6.2"
      }
    },
    "regenerator-runtime": {
      "version": "0.13.4",
      "resolved": "https://registry.npmjs.org/regenerator-runtime/-/regenerator-runtime-0.13.4.tgz",
      "integrity": "sha512-plpwicqEzfEyTQohIKktWigcLzmNStMGwbOUbykx51/29Z3JOGYldaaNGK7ngNXV+UcoqvIMmloZ48Sr74sd+g=="
    },
    "schema-utils": {
      "version": "0.3.0",
      "resolved": "https://registry.npmjs.org/schema-utils/-/schema-utils-0.3.0.tgz",
      "integrity": "sha1-9YdyIs4+kx7a4DnxfrNxbnE3+M8=",
      "requires": {
        "ajv": "^5.0.0"
      }
    },
    "semver": {
      "version": "5.7.1",
      "resolved": "https://registry.npmjs.org/semver/-/semver-5.7.1.tgz",
      "integrity": "sha512-sauaDf/PZdVgrLTNYHRtpXa1iRiKcaebiKQ1BJdpQlWH2lCvexQdX55snPFyK7QzpudqbCI0qXFfOasHdyNDGQ=="
    },
    "source-list-map": {
      "version": "2.0.1",
      "resolved": "https://registry.npmjs.org/source-list-map/-/source-list-map-2.0.1.tgz",
      "integrity": "sha512-qnQ7gVMxGNxsiL4lEuJwe/To8UnK7fAnmbGEEH8RpLouuKbeEm0lhbQVFIrNSuB+G7tVrAlVsZgETT5nljf+Iw=="
    },
    "source-map": {
      "version": "0.6.1",
      "resolved": "https://registry.npmjs.org/source-map/-/source-map-0.6.1.tgz",
      "integrity": "sha512-UjgapumWlbMhkBgzT7Ykc5YXUT46F0iKu8SGXq0bcwP5dz/h0Plj6enJqjz1Zbq2l5WaqYnrVbwWOWMyF3F47g=="
    },
    "tiny-warning": {
      "version": "1.0.3",
      "resolved": "https://registry.npmjs.org/tiny-warning/-/tiny-warning-1.0.3.tgz",
      "integrity": "sha512-lBN9zLN/oAf68o3zNXYrdCt1kP8WsiGW8Oo2ka41b2IM5JL/S1CTyX1rW0mb/zSuJun0ZUrDxx4sqvYS2FWzPA=="
    },
    "webpack-sources": {
      "version": "1.4.3",
      "resolved": "https://registry.npmjs.org/webpack-sources/-/webpack-sources-1.4.3.tgz",
      "integrity": "sha512-lgTS3Xhv1lCOKo7SA5TjKXMjpSM4sBjNV5+q2bqesbSPs5FjGmU6jjtBSkX9b4qW87vDIsCIlUPOEhbZrMdjeQ==",
      "requires": {
        "source-list-map": "^2.0.0",
        "source-map": "~0.6.1"
      }
    }
  }
}
