
Microsoft Visual Studio Solution File, Format Version 12.00
Project("{FAE04EC0-301F-11D3-BF4B-00C04F79EFBC}") = "whatever-todo", "src\whatever-todo.csproj", "{A5973094-17B5-4D17-98E9-52FED480C834}"
EndProject
Global
	GlobalSection(SolutionConfigurationPlatforms) = preSolution
		Debug|Any CPU = Debug|Any CPU
		Release|Any CPU = Release|Any CPU
	EndGlobalSection
	GlobalSection(ProjectConfigurationPlatforms) = postSolution
		{A5973094-17B5-4D17-98E9-52FED480C834}.Debug|Any CPU.ActiveCfg = Debug|Any CPU
		{A5973094-17B5-4D17-98E9-52FED480C834}.Debug|Any CPU.Build.0 = Debug|Any CPU
		{A5973094-17B5-4D17-98E9-52FED480C834}.Release|Any CPU.ActiveCfg = Release|Any CPU
		{A5973094-17B5-4D17-98E9-52FED480C834}.Release|Any CPU.Build.0 = Release|Any CPU
	EndGlobalSection
EndGlobal
